{
  "requires": true,
  "lockfileVersion": 1,
  "dependencies": {
    "clsx": {
      "version": "2.1.1",
      "resolved": "https://registry.npmjs.org/clsx/-/clsx-2.1.1.tgz",
      "integrity": "sha512-eYm0QWBtUrBWZWG0d386OGAw16Z995PiOVo2B7bjWSbHedGl5e0ZWaq65kOGgUSNesEIDkB9ISbTg/JK9dhCZA=="
    },
    "react-data-grid": {
      "version": "7.0.0-beta.52",
      "resolved": "https://registry.npmjs.org/react-data-grid/-/react-data-grid-7.0.0-beta.52.tgz",
      "integrity": "sha512-2r4Z4+Xvol4da3QXIasmptSxwnzjd0Hv43joN5+DwogqKtQDWq+82QBXgZrGo5tIqTrnDSSukpsPSGwaKi6ALw==",
      "requires": {
        "clsx": "^2.0.0"
      }
    }
  }
}
